
Microsoft Visual Studio Solution File, Format Version 12.00
# Visual Studio Version 17
VisualStudioVersion = 17.0.31912.275
MinimumVisualStudioVersion = 10.0.40219.1
Project("{FAE04EC0-301F-11D3-BF4B-00C04F79EFBC}") = "GLHF", "GLHF\GLHF.csproj", "{AE4633F8-3617-4E29-807C-6796E17B6554}"
EndProject
Project("{FAE04EC0-301F-11D3-BF4B-00C04F79EFBC}") = "PDF Reader", "PDF Reader\PDF Reader.csproj", "{F79C5DA6-D243-41D5-A7B0-5E6E665F33E5}"
EndProject
Project("{FAE04EC0-301F-11D3-BF4B-00C04F79EFBC}") = "WinAnim", "WinAnim\WinAnim.csproj", "{82D20243-935C-4140-B67C-D31D7FF24E17}"
EndProject
Project("{FAE04EC0-301F-11D3-BF4B-00C04F79EFBC}") = "WinBackgroundWorker", "WinBackgroundWorker\WinBackgroundWorker.csproj", "{F94A49DA-0DAA-4078-ADEA-EA99FA5C0BE0}"
EndProject
Project("{FAE04EC0-301F-11D3-BF4B-00C04F79EFBC}") = "WinAsynchDelegate", "WinAsynchDelegate\WinAsynchDelegate.csproj", "{7DAFBB05-AAED-4BE5-A63E-72E809AEEE68}"
EndProject
Project("{FAE04EC0-301F-11D3-BF4B-00C04F79EFBC}") = "WinAsynchMethod", "WinAsynchMethod\WinAsynchMethod.csproj", "{3709471D-30D8-40AF-9BBF-D100F594EB16}"
EndProject
Global
	GlobalSection(SolutionConfigurationPlatforms) = preSolution
		Debug|Any CPU = Debug|Any CPU
		Release|Any CPU = Release|Any CPU
	EndGlobalSection
	GlobalSection(ProjectConfigurationPlatforms) = postSolution
		{AE4633F8-3617-4E29-807C-6796E17B6554}.Debug|Any CPU.ActiveCfg = Debug|Any CPU
		{AE4633F8-3617-4E29-807C-6796E17B6554}.Debug|Any CPU.Build.0 = Debug|Any CPU
		{AE4633F8-3617-4E29-807C-6796E17B6554}.Release|Any CPU.ActiveCfg = Release|Any CPU
		{AE4633F8-3617-4E29-807C-6796E17B6554}.Release|Any CPU.Build.0 = Release|Any CPU
		{F79C5DA6-D243-41D5-A7B0-5E6E665F33E5}.Debug|Any CPU.ActiveCfg = Debug|Any CPU
		{F79C5DA6-D243-41D5-A7B0-5E6E665F33E5}.Debug|Any CPU.Build.0 = Debug|Any CPU
		{F79C5DA6-D243-41D5-A7B0-5E6E665F33E5}.Release|Any CPU.ActiveCfg = Release|Any CPU
		{F79C5DA6-D243-41D5-A7B0-5E6E665F33E5}.Release|Any CPU.Build.0 = Release|Any CPU
		{82D20243-935C-4140-B67C-D31D7FF24E17}.Debug|Any CPU.ActiveCfg = Debug|Any CPU
		{82D20243-935C-4140-B67C-D31D7FF24E17}.Debug|Any CPU.Build.0 = Debug|Any CPU
		{82D20243-935C-4140-B67C-D31D7FF24E17}.Release|Any CPU.ActiveCfg = Release|Any CPU
		{82D20243-935C-4140-B67C-D31D7FF24E17}.Release|Any CPU.Build.0 = Release|Any CPU
		{F94A49DA-0DAA-4078-ADEA-EA99FA5C0BE0}.Debug|Any CPU.ActiveCfg = Debug|Any CPU
		{F94A49DA-0DAA-4078-ADEA-EA99FA5C0BE0}.Debug|Any CPU.Build.0 = Debug|Any CPU
		{F94A49DA-0DAA-4078-ADEA-EA99FA5C0BE0}.Release|Any CPU.ActiveCfg = Release|Any CPU
		{F94A49DA-0DAA-4078-ADEA-EA99FA5C0BE0}.Release|Any CPU.Build.0 = Release|Any CPU
		{7DAFBB05-AAED-4BE5-A63E-72E809AEEE68}.Debug|Any CPU.ActiveCfg = Debug|Any CPU
		{7DAFBB05-AAED-4BE5-A63E-72E809AEEE68}.Debug|Any CPU.Build.0 = Debug|Any CPU
		{7DAFBB05-AAED-4BE5-A63E-72E809AEEE68}.Release|Any CPU.ActiveCfg = Release|Any CPU
		{7DAFBB05-AAED-4BE5-A63E-72E809AEEE68}.Release|Any CPU.Build.0 = Release|Any CPU
		{3709471D-30D8-40AF-9BBF-D100F594EB16}.Debug|Any CPU.ActiveCfg = Debug|Any CPU
		{3709471D-30D8-40AF-9BBF-D100F594EB16}.Debug|Any CPU.Build.0 = Debug|Any CPU
		{3709471D-30D8-40AF-9BBF-D100F594EB16}.Release|Any CPU.ActiveCfg = Release|Any CPU
		{3709471D-30D8-40AF-9BBF-D100F594EB16}.Release|Any CPU.Build.0 = Release|Any CPU
	EndGlobalSection
	GlobalSection(SolutionProperties) = preSolution
		HideSolutionNode = FALSE
	EndGlobalSection
	GlobalSection(ExtensibilityGlobals) = postSolution
		SolutionGuid = {92E07351-4FE6-4628-BC4D-C3146897A5F6}
	EndGlobalSection
EndGlobal
